
Microsoft Visual Studio Solution File, Format Version 12.00
# Visual Studio Version 16
VisualStudioVersion = 16.0.30621.155
MinimumVisualStudioVersion = 10.0.40219.1
Project("{FAE04EC0-301F-11D3-BF4B-00C04F79EFBC}") = "DC365_WebNR.CORE", "DC365_WebNR.CORE\DC365_WebNR.CORE.csproj", "{DEE60DDB-D5A6-464D-BFF8-6A2572B4E262}"
EndProject
Project("{FAE04EC0-301F-11D3-BF4B-00C04F79EFBC}") = "DC365_WebNR.INFRASTRUCTURE", "DC365_WebNR.INFRASTRUCTURE\DC365_WebNR.INFRASTRUCTURE.csproj", "{89F66D0C-633D-411F-ACD3-E87655AD1C37}"
EndProject
Project("{FAE04EC0-301F-11D3-BF4B-00C04F79EFBC}") = "DC365_WebNR.UI", "DC365_WebNR.UI\DC365_WebNR.UI.csproj", "{6D5E905D-9445-4A46-926C-2C472FCA80EF}"
EndProject
Global
	GlobalSection(SolutionConfigurationPlatforms) = preSolution
		Debug|Any CPU = Debug|Any CPU
		Release|Any CPU = Release|Any CPU
	EndGlobalSection
	GlobalSection(ProjectConfigurationPlatforms) = postSolution
		{DEE60DDB-D5A6-464D-BFF8-6A2572B4E262}.Debug|Any CPU.ActiveCfg = Debug|Any CPU
		{DEE60DDB-D5A6-464D-BFF8-6A2572B4E262}.Debug|Any CPU.Build.0 = Debug|Any CPU
		{DEE60DDB-D5A6-464D-BFF8-6A2572B4E262}.Release|Any CPU.ActiveCfg = Release|Any CPU
		{DEE60DDB-D5A6-464D-BFF8-6A2572B4E262}.Release|Any CPU.Build.0 = Release|Any CPU
		{89F66D0C-633D-411F-ACD3-E87655AD1C37}.Debug|Any CPU.ActiveCfg = Debug|Any CPU
		{89F66D0C-633D-411F-ACD3-E87655AD1C37}.Debug|Any CPU.Build.0 = Debug|Any CPU
		{89F66D0C-633D-411F-ACD3-E87655AD1C37}.Release|Any CPU.ActiveCfg = Release|Any CPU
		{89F66D0C-633D-411F-ACD3-E87655AD1C37}.Release|Any CPU.Build.0 = Release|Any CPU
		{6D5E905D-9445-4A46-926C-2C472FCA80EF}.Debug|Any CPU.ActiveCfg = Debug|Any CPU
		{6D5E905D-9445-4A46-926C-2C472FCA80EF}.Debug|Any CPU.Build.0 = Debug|Any CPU
		{6D5E905D-9445-4A46-926C-2C472FCA80EF}.Release|Any CPU.ActiveCfg = Release|Any CPU
		{6D5E905D-9445-4A46-926C-2C472FCA80EF}.Release|Any CPU.Build.0 = Release|Any CPU
	EndGlobalSection
	GlobalSection(SolutionProperties) = preSolution
		HideSolutionNode = FALSE
	EndGlobalSection
	GlobalSection(ExtensibilityGlobals) = postSolution
		SolutionGuid = {95FFC690-842A-4FB1-9BA9-F652E7801B56}
	EndGlobalSection
EndGlobal
